
Microsoft Visual Studio Solution File, Format Version 12.00
# Visual Studio Version 17
VisualStudioVersion = 17.8.34330.188
MinimumVisualStudioVersion = 10.0.40219.1
Project("{8BC9CEB8-8B4A-11D0-8D11-00A0C91BC942}") = "T2", "T2.vcxproj", "{A979711C-69A3-4DF0-9854-0B90402E559C}"
EndProject
Global
	GlobalSection(SolutionConfigurationPlatforms) = preSolution
		Debug|x64 = Debug|x64
		Debug|x86 = Debug|x86
		Release|x64 = Release|x64
		Release|x86 = Release|x86
	EndGlobalSection
	GlobalSection(ProjectConfigurationPlatforms) = postSolution
		{A979711C-69A3-4DF0-9854-0B90402E559C}.Debug|x64.ActiveCfg = Debug|x64
		{A979711C-69A3-4DF0-9854-0B90402E559C}.Debug|x64.Build.0 = Debug|x64
		{A979711C-69A3-4DF0-9854-0B90402E559C}.Debug|x86.ActiveCfg = Debug|Win32
		{A979711C-69A3-4DF0-9854-0B90402E559C}.Debug|x86.Build.0 = Debug|Win32
		{A979711C-69A3-4DF0-9854-0B90402E559C}.Release|x64.ActiveCfg = Release|x64
		{A979711C-69A3-4DF0-9854-0B90402E559C}.Release|x64.Build.0 = Release|x64
		{A979711C-69A3-4DF0-9854-0B90402E559C}.Release|x86.ActiveCfg = Release|Win32
		{A979711C-69A3-4DF0-9854-0B90402E559C}.Release|x86.Build.0 = Release|Win32
	EndGlobalSection
	GlobalSection(SolutionProperties) = preSolution
		HideSolutionNode = FALSE
	EndGlobalSection
	GlobalSection(ExtensibilityGlobals) = postSolution
		SolutionGuid = {BA427A41-D5A6-48D1-AF86-1FDF3F21A5C6}
	EndGlobalSection
EndGlobal
